
Microsoft Visual Studio Solution File, Format Version 12.00
# Visual Studio Version 17
VisualStudioVersion = 17.11.35222.181
MinimumVisualStudioVersion = 10.0.40219.1
Project("{888888A0-9F3D-457C-B088-3A5042F75D52}") = "Palindromic String", "Palindromic String.pyproj", "{A68BCFB3-7488-4552-BFE9-495EA3201711}"
EndProject
Global
	GlobalSection(SolutionConfigurationPlatforms) = preSolution
		Debug|Any CPU = Debug|Any CPU
		Release|Any CPU = Release|Any CPU
	EndGlobalSection
	GlobalSection(ProjectConfigurationPlatforms) = postSolution
		{A68BCFB3-7488-4552-BFE9-495EA3201711}.Debug|Any CPU.ActiveCfg = Debug|Any CPU
		{A68BCFB3-7488-4552-BFE9-495EA3201711}.Release|Any CPU.ActiveCfg = Release|Any CPU
	EndGlobalSection
	GlobalSection(SolutionProperties) = preSolution
		HideSolutionNode = FALSE
	EndGlobalSection
	GlobalSection(ExtensibilityGlobals) = postSolution
		SolutionGuid = {89074422-3D4E-41F2-AF41-8CDE90389C29}
	EndGlobalSection
EndGlobal
